
Microsoft Visual Studio Solution File, Format Version 12.00
# Visual Studio Version 16
VisualStudioVersion = 16.0.29521.150
MinimumVisualStudioVersion = 10.0.40219.1
Project("{9A19103F-16F7-4668-BE54-9A1E7A4F7556}") = "PayCompute", "PayCompute\PayCompute.csproj", "{8B73CC6C-865A-490D-AEFA-B1884AAA553A}"
EndProject
Project("{9A19103F-16F7-4668-BE54-9A1E7A4F7556}") = "PayCompute.Service", "PayCompute.Service\PayCompute.Service.csproj", "{9A6A69E5-CA7E-4A8E-8A13-80B9D0D6D7A3}"
EndProject
Project("{9A19103F-16F7-4668-BE54-9A1E7A4F7556}") = "PayComputePersistence", "PayComputePersistence\PayComputePersistence.csproj", "{1AC9A7A7-1F3B-4E3C-9A0C-10AF96DE167B}"
EndProject
Project("{9A19103F-16F7-4668-BE54-9A1E7A4F7556}") = "PayCompute.Entity", "PayCompute.Entity\PayCompute.Entity.csproj", "{C7FFF3FA-79A0-4953-BA33-A9963F8892C0}"
EndProject
Global
	GlobalSection(SolutionConfigurationPlatforms) = preSolution
		Debug|Any CPU = Debug|Any CPU
		Release|Any CPU = Release|Any CPU
	EndGlobalSection
	GlobalSection(ProjectConfigurationPlatforms) = postSolution
		{8B73CC6C-865A-490D-AEFA-B1884AAA553A}.Debug|Any CPU.ActiveCfg = Debug|Any CPU
		{8B73CC6C-865A-490D-AEFA-B1884AAA553A}.Debug|Any CPU.Build.0 = Debug|Any CPU
		{8B73CC6C-865A-490D-AEFA-B1884AAA553A}.Release|Any CPU.ActiveCfg = Release|Any CPU
		{8B73CC6C-865A-490D-AEFA-B1884AAA553A}.Release|Any CPU.Build.0 = Release|Any CPU
		{9A6A69E5-CA7E-4A8E-8A13-80B9D0D6D7A3}.Debug|Any CPU.ActiveCfg = Debug|Any CPU
		{9A6A69E5-CA7E-4A8E-8A13-80B9D0D6D7A3}.Debug|Any CPU.Build.0 = Debug|Any CPU
		{9A6A69E5-CA7E-4A8E-8A13-80B9D0D6D7A3}.Release|Any CPU.ActiveCfg = Release|Any CPU
		{9A6A69E5-CA7E-4A8E-8A13-80B9D0D6D7A3}.Release|Any CPU.Build.0 = Release|Any CPU
		{1AC9A7A7-1F3B-4E3C-9A0C-10AF96DE167B}.Debug|Any CPU.ActiveCfg = Debug|Any CPU
		{1AC9A7A7-1F3B-4E3C-9A0C-10AF96DE167B}.Debug|Any CPU.Build.0 = Debug|Any CPU
		{1AC9A7A7-1F3B-4E3C-9A0C-10AF96DE167B}.Release|Any CPU.ActiveCfg = Release|Any CPU
		{1AC9A7A7-1F3B-4E3C-9A0C-10AF96DE167B}.Release|Any CPU.Build.0 = Release|Any CPU
		{C7FFF3FA-79A0-4953-BA33-A9963F8892C0}.Debug|Any CPU.ActiveCfg = Debug|Any CPU
		{C7FFF3FA-79A0-4953-BA33-A9963F8892C0}.Debug|Any CPU.Build.0 = Debug|Any CPU
		{C7FFF3FA-79A0-4953-BA33-A9963F8892C0}.Release|Any CPU.ActiveCfg = Release|Any CPU
		{C7FFF3FA-79A0-4953-BA33-A9963F8892C0}.Release|Any CPU.Build.0 = Release|Any CPU
	EndGlobalSection
	GlobalSection(SolutionProperties) = preSolution
		HideSolutionNode = FALSE
	EndGlobalSection
	GlobalSection(ExtensibilityGlobals) = postSolution
		SolutionGuid = {876772FC-CDDB-406C-9486-E49B0A095CFD}
	EndGlobalSection
EndGlobal
